
Microsoft Visual Studio Solution File, Format Version 12.00
# Visual Studio 15
VisualStudioVersion = 15.0.27428.2015
MinimumVisualStudioVersion = 10.0.40219.1
Project("{FAE04EC0-301F-11D3-BF4B-00C04F79EFBC}") = "RAMCommander", "RAMCommander\RAMCommander.csproj", "{24948007-7DBE-4363-9E7A-291B482D9536}"
EndProject
Project("{FAE04EC0-301F-11D3-BF4B-00C04F79EFBC}") = "Lib", "Lib\Lib.csproj", "{3BECF9D2-4018-41F1-BAFA-8BB353CFB758}"
EndProject
Project("{2150E333-8FDC-42A3-9474-1A3956D46DE8}") = "Res", "Res", "{3B6507BC-2242-43AA-B4A1-051C641B1B1F}"
	ProjectSection(SolutionItems) = preProject
		Res\back48.png = Res\back48.png
		Res\file48.png = Res\file48.png
		Res\folder48.png = Res\folder48.png
	EndProjectSection
EndProject
Global
	GlobalSection(SolutionConfigurationPlatforms) = preSolution
		Debug|Any CPU = Debug|Any CPU
		Release|Any CPU = Release|Any CPU
	EndGlobalSection
	GlobalSection(ProjectConfigurationPlatforms) = postSolution
		{24948007-7DBE-4363-9E7A-291B482D9536}.Debug|Any CPU.ActiveCfg = Debug|Any CPU
		{24948007-7DBE-4363-9E7A-291B482D9536}.Debug|Any CPU.Build.0 = Debug|Any CPU
		{24948007-7DBE-4363-9E7A-291B482D9536}.Release|Any CPU.ActiveCfg = Release|Any CPU
		{24948007-7DBE-4363-9E7A-291B482D9536}.Release|Any CPU.Build.0 = Release|Any CPU
		{3BECF9D2-4018-41F1-BAFA-8BB353CFB758}.Debug|Any CPU.ActiveCfg = Debug|Any CPU
		{3BECF9D2-4018-41F1-BAFA-8BB353CFB758}.Debug|Any CPU.Build.0 = Debug|Any CPU
		{3BECF9D2-4018-41F1-BAFA-8BB353CFB758}.Release|Any CPU.ActiveCfg = Release|Any CPU
		{3BECF9D2-4018-41F1-BAFA-8BB353CFB758}.Release|Any CPU.Build.0 = Release|Any CPU
	EndGlobalSection
	GlobalSection(SolutionProperties) = preSolution
		HideSolutionNode = FALSE
	EndGlobalSection
	GlobalSection(ExtensibilityGlobals) = postSolution
		SolutionGuid = {0F11487F-9529-4860-8772-E191B105EBDA}
	EndGlobalSection
EndGlobal
